{
  "nodes": {
    "audiobook-dl-src": {
      "flake": false,
      "locked": {
        "lastModified": 1737625510,
        "narHash": "sha256-02rXgJ63ayBcAryaK0fH3tf/gBDIgGqnUSsjO05sVgM=",
        "owner": "jo1gi",
        "repo": "audiobook-dl",
        "rev": "1354049b8f5825e816d7908cf47f85ba37db4a48",
        "type": "github"
      },
      "original": {
        "owner": "jo1gi",
        "repo": "audiobook-dl",
        "type": "github"
      }
    },
    "nixpkgs": {
      "locked": {
        "lastModified": 1740126099,
        "narHash": "sha256-ozoOtE2hGsqh4XkTJFsrTkNxkRgShxpQxDynaPZUGxk=",
        "owner": "nixos",
        "repo": "nixpkgs",
        "rev": "32fb99ba93fea2798be0e997ea331dd78167f814",
        "type": "github"
      },
      "original": {
        "owner": "nixos",
        "ref": "nixos-unstable",
        "repo": "nixpkgs",
        "type": "github"
      }
    },
    "root": {
      "inputs": {
        "audiobook-dl-src": "audiobook-dl-src",
        "nixpkgs": "nixpkgs"
      }
    }
  },
  "root": "root",
  "version": 7
}
